<?xml version="1.0" encoding="utf-8"?>
<Project ToolsVersion="4.0" xmlns="http://schemas.microsoft.com/developer/msbuild/2003">
  <ItemGroup>
    <Filter Include="Source Files">
      <UniqueIdentifier>{4FC737F1-C7A5-4376-A066-2A32D752A2FF}</UniqueIdentifier>
      <Extensions>cpp;c;cc;cxx;def;odl;idl;hpj;bat;asm;asmx</Extensions>
    </Filter>
    <Filter Include="Header Files">
      <UniqueIdentifier>{93995380-89BD-4b04-88EB-625FBE52EBFB}</UniqueIdentifier>
      <Extensions>h;hpp;hxx;hm;inl;inc;xsd</Extensions>
    </Filter>
    <Filter Include="Resource Files">
      <UniqueIdentifier>{67DA6AB6-F800-4c08-8B7A-83BB121AAD01}</UniqueIdentifier>
      <Extensions>rc;ico;cur;bmp;dlg;rc2;rct;bin;rgs;gif;jpg;jpeg;jpe;resx;tiff;tif;png;wav;mfcribbon-ms</Extensions>
    </Filter>
    <Filter Include="Source Files\Obq">
      <UniqueIdentifier>{0f39415b-a0b6-4cf0-a844-8128ea948642}</UniqueIdentifier>
    </Filter>
    <Filter Include="Source Files\pbrt">
      <UniqueIdentifier>{73266510-bd01-45f3-b471-55bf07714e24}</UniqueIdentifier>
    </Filter>
    <Filter Include="Header Files\Obq">
      <UniqueIdentifier>{41746b9c-ce62-4653-8c65-f26a5022c80f}</UniqueIdentifier>
    </Filter>
    <Filter Include="Header Files\pbrt">
      <UniqueIdentifier>{b8f06889-3ceb-41b2-8bdb-56aabac9c13e}</UniqueIdentifier>
    </Filter>
    <Filter Include="Header Files\yafaray">
      <UniqueIdentifier>{3f8d26a0-e994-4799-a8c9-2c7c0b0cacdb}</UniqueIdentifier>
    </Filter>
    <Filter Include="Header Files\lpdk">
      <UniqueIdentifier>{4e8c167e-43fa-486f-8126-e0c26c52592f}</UniqueIdentifier>
    </Filter>
    <Filter Include="Header Files\kettle">
      <UniqueIdentifier>{a113611e-a8b4-44bb-bc3e-b69bf803fb8b}</UniqueIdentifier>
    </Filter>
    <Filter Include="Source Files\kettle">
      <UniqueIdentifier>{63536f68-c1ab-4f8b-8546-b963bbe34b36}</UniqueIdentifier>
    </Filter>
  </ItemGroup>
  <ItemGroup>
    <ClCompile Include="..\..\src\Obq_Shaders__Core.cpp">
      <Filter>Source Files</Filter>
    </ClCompile>
    <ClCompile Include="..\..\src\pbrt\spectrum.cpp">
      <Filter>Source Files\pbrt</Filter>
    </ClCompile>
    <ClCompile Include="..\..\src\Obq_Atmosphere.cpp">
      <Filter>Source Files\Obq</Filter>
    </ClCompile>
    <ClCompile Include="..\..\src\Obq_Bend4Stereo.cpp">
      <Filter>Source Files\Obq</Filter>
    </ClCompile>
    <ClCompile Include="..\..\src\Obq_ChangeRange.cpp">
      <Filter>Source Files\Obq</Filter>
    </ClCompile>
    <ClCompile Include="..\..\src\Obq_Environment.cpp">
      <Filter>Source Files\Obq</Filter>
    </ClCompile>
    <ClCompile Include="..\..\src\Obq_Etching.cpp">
      <Filter>Source Files\Obq</Filter>
    </ClCompile>
    <ClCompile Include="..\..\src\Obq_Fresnel.cpp">
      <Filter>Source Files\Obq</Filter>
    </ClCompile>
    <ClCompile Include="..\..\src\Obq_IESLightFilter.cpp">
      <Filter>Source Files\Obq</Filter>
    </ClCompile>
    <ClCompile Include="..\..\src\Obq_MeasuredMaterial.cpp">
      <Filter>Source Files\Obq</Filter>
    </ClCompile>
    <ClCompile Include="..\..\src\Obq_Opacity.cpp">
      <Filter>Source Files\Obq</Filter>
    </ClCompile>
    <ClCompile Include="..\..\src\Obq_RandomColor.cpp">
      <Filter>Source Files\Obq</Filter>
    </ClCompile>
    <ClCompile Include="..\..\src\Obq_RGBComEmit.cpp">
      <Filter>Source Files\Obq</Filter>
    </ClCompile>
    <ClCompile Include="..\..\src\Obq_RGBComLightFilter.cpp">
      <Filter>Source Files\Obq</Filter>
    </ClCompile>
    <ClCompile Include="..\..\src\Obq_Root2Tip.cpp">
      <Filter>Source Files\Obq</Filter>
    </ClCompile>
    <ClCompile Include="..\..\src\Obq_Shadow.cpp">
      <Filter>Source Files\Obq</Filter>
    </ClCompile>
    <ClCompile Include="..\..\src\Obq_SurfaceEnvironment.cpp">
      <Filter>Source Files\Obq</Filter>
    </ClCompile>
    <ClCompile Include="..\..\src\Obq_Thickness.cpp">
      <Filter>Source Files\Obq</Filter>
    </ClCompile>
    <ClCompile Include="..\..\src\Obq_TransformUV.cpp">
      <Filter>Source Files\Obq</Filter>
    </ClCompile>
    <ClCompile Include="..\..\src\Obq_UVRemapLensDistortion.cpp">
      <Filter>Source Files\Obq</Filter>
    </ClCompile>
    <ClCompile Include="..\..\src\Obq_VolumeThickness.cpp">
      <Filter>Source Files\Obq</Filter>
    </ClCompile>
    <ClCompile Include="..\..\src\Obq_Toon.cpp">
      <Filter>Source Files\Obq</Filter>
    </ClCompile>
    <ClCompile Include="..\..\src\Obq_ToonSimple.cpp">
      <Filter>Source Files\Obq</Filter>
    </ClCompile>
    <ClCompile Include="..\..\src\Obq_Hair.cpp">
      <Filter>Source Files\Obq</Filter>
    </ClCompile>
    <ClCompile Include="..\..\src\Obq_CameraProjectionSpace.cpp">
      <Filter>Source Files\Obq</Filter>
    </ClCompile>
    <ClCompile Include="..\..\src\Obq_RayDepth.cpp">
      <Filter>Source Files\Obq</Filter>
    </ClCompile>
    <ClCompile Include="..\..\src\Obq_RandomID.cpp">
      <Filter>Source Files\Obq</Filter>
    </ClCompile>
    <ClCompile Include="..\..\src\Obq_ColorspaceConverter.cpp">
      <Filter>Source Files\Obq</Filter>
    </ClCompile>
    <ClCompile Include="..\..\src\Obq_SpectrumColor.cpp">
      <Filter>Source Files\Obq</Filter>
    </ClCompile>
    <ClCompile Include="..\..\src\O_ISBrdf.cpp">
      <Filter>Source Files\Obq</Filter>
    </ClCompile>
    <ClCompile Include="..\..\src\Obq_MessageGetFlt.cpp">
      <Filter>Source Files\Obq</Filter>
    </ClCompile>
    <ClCompile Include="..\..\src\Obq_MessageSetFlt.cpp">
      <Filter>Source Files\Obq</Filter>
    </ClCompile>
    <ClCompile Include="..\..\src\Obq_SetAlpha.cpp">
      <Filter>Source Files\Obq</Filter>
    </ClCompile>
    <ClCompile Include="..\..\src\Obq_MessageStoreFlt.cpp">
      <Filter>Source Files\Obq</Filter>
    </ClCompile>
    <ClCompile Include="..\..\src\Obq_Color.cpp">
      <Filter>Source Files\Obq</Filter>
    </ClCompile>
    <ClCompile Include="..\..\src\Obq_TransformShadingPoint.cpp">
      <Filter>Source Files\Obq</Filter>
    </ClCompile>
    <ClCompile Include="..\..\src\Obq_LightSaturationFilter.cpp">
      <Filter>Source Files\Obq</Filter>
    </ClCompile>
    <ClCompile Include="..\..\src\Obq_AngularCamera.cpp">
      <Filter>Source Files\Obq</Filter>
    </ClCompile>
    <ClCompile Include="..\..\src\Obq_LensDistortion.cpp">
      <Filter>Source Files\Obq</Filter>
    </ClCompile>
    <ClCompile Include="..\..\src\Obq_StereoLens.cpp">
      <Filter>Source Files\Obq</Filter>
    </ClCompile>
    <ClCompile Include="..\..\src\Obq_MessageGetColor.cpp">
      <Filter>Source Files\Obq</Filter>
    </ClCompile>
    <ClCompile Include="..\..\src\Obq_MessageSetColor.cpp">
      <Filter>Source Files\Obq</Filter>
    </ClCompile>
    <ClCompile Include="..\..\src\Obq_MessageStoreColor.cpp">
      <Filter>Source Files\Obq</Filter>
    </ClCompile>
    <ClCompile Include="..\..\src\Obq_MessageGetVector.cpp">
      <Filter>Source Files\Obq</Filter>
    </ClCompile>
    <ClCompile Include="..\..\src\Obq_MessageSetVector.cpp">
      <Filter>Source Files\Obq</Filter>
    </ClCompile>
    <ClCompile Include="..\..\src\Obq_MessageStoreVector.cpp">
      <Filter>Source Files\Obq</Filter>
    </ClCompile>
    <ClCompile Include="..\..\src\Obq_MessageGetBool.cpp">
      <Filter>Source Files\Obq</Filter>
    </ClCompile>
    <ClCompile Include="..\..\src\Obq_MessageGetInt.cpp">
      <Filter>Source Files\Obq</Filter>
    </ClCompile>
    <ClCompile Include="..\..\src\Obq_MessageSetBool.cpp">
      <Filter>Source Files\Obq</Filter>
    </ClCompile>
    <ClCompile Include="..\..\src\Obq_MessageSetInt.cpp">
      <Filter>Source Files\Obq</Filter>
    </ClCompile>
    <ClCompile Include="..\..\src\Obq_MessageStoreBool.cpp">
      <Filter>Source Files\Obq</Filter>
    </ClCompile>
    <ClCompile Include="..\..\src\Obq_MessageStoreInt.cpp">
      <Filter>Source Files\Obq</Filter>
    </ClCompile>
    <ClCompile Include="..\..\src\Obq_KettleUVStereoLens.cpp">
      <Filter>Source Files\Obq</Filter>
    </ClCompile>
    <ClCompile Include="..\..\src\kettle\Grid2DAS.cpp">
      <Filter>Source Files\kettle</Filter>
    </ClCompile>
    <ClCompile Include="..\..\src\kettle\KettleBaker.cpp">
      <Filter>Source Files\kettle</Filter>
    </ClCompile>
    <ClCompile Include="..\..\src\Obq_NodeInfo.cpp">
      <Filter>Source Files\Obq</Filter>
    </ClCompile>
  </ItemGroup>
  <ItemGroup>
    <ClInclude Include="..\..\src\Obq_Atmosphere.h">
      <Filter>Header Files\Obq</Filter>
    </ClInclude>
    <ClInclude Include="..\..\src\Obq_Environment.h">
      <Filter>Header Files\Obq</Filter>
    </ClInclude>
    <ClInclude Include="..\..\src\Obq_Fresnel.h">
      <Filter>Header Files\Obq</Filter>
    </ClInclude>
    <ClInclude Include="..\..\src\Obq_MeasuredMaterial.h">
      <Filter>Header Files\Obq</Filter>
    </ClInclude>
    <ClInclude Include="..\..\src\Obq_SurfaceEnvironment.h">
      <Filter>Header Files\Obq</Filter>
    </ClInclude>
    <ClInclude Include="..\..\src\Obq_Thickness.h">
      <Filter>Header Files\Obq</Filter>
    </ClInclude>
    <ClInclude Include="..\..\src\Obq_VolumeThickness.h">
      <Filter>Header Files\Obq</Filter>
    </ClInclude>
    <ClInclude Include="..\..\src\yafaray\yafaray_ies_parser.h">
      <Filter>Header Files\yafaray</Filter>
    </ClInclude>
    <ClInclude Include="..\..\src\pbrt\spectrum.h">
      <Filter>Header Files\pbrt</Filter>
    </ClInclude>
    <ClInclude Include="..\..\src\Obq_Toon.h">
      <Filter>Header Files\Obq</Filter>
    </ClInclude>
    <ClInclude Include="..\..\src\Obq_ToonSimple.h">
      <Filter>Header Files\Obq</Filter>
    </ClInclude>
    <ClInclude Include="..\..\src\Obq_Hair.h">
      <Filter>Header Files\Obq</Filter>
    </ClInclude>
    <ClInclude Include="..\..\src\O_Colorspaces.h">
      <Filter>Header Files\Obq</Filter>
    </ClInclude>
    <ClInclude Include="..\..\src\Obq_SpectrumColor.h">
      <Filter>Header Files\Obq</Filter>
    </ClInclude>
    <ClInclude Include="..\..\src\O_Common.h">
      <Filter>Header Files\Obq</Filter>
    </ClInclude>
    <ClInclude Include="..\..\src\O_ISBrdf.h">
      <Filter>Header Files\Obq</Filter>
    </ClInclude>
    <ClInclude Include="..\..\src\O_BrdfRead.h">
      <Filter>Header Files\Obq</Filter>
    </ClInclude>
    <ClInclude Include="..\..\src\ldpk\ldpk.h">
      <Filter>Header Files\lpdk</Filter>
    </ClInclude>
    <ClInclude Include="..\..\src\ldpk\ldpk_classic_3de_mixed_distortion.h">
      <Filter>Header Files\lpdk</Filter>
    </ClInclude>
    <ClInclude Include="..\..\src\ldpk\ldpk_cylindric_extender.h">
      <Filter>Header Files\lpdk</Filter>
    </ClInclude>
    <ClInclude Include="..\..\src\ldpk\ldpk_error.h">
      <Filter>Header Files\lpdk</Filter>
    </ClInclude>
    <ClInclude Include="..\..\src\ldpk\ldpk_extender_base.h">
      <Filter>Header Files\lpdk</Filter>
    </ClInclude>
    <ClInclude Include="..\..\src\ldpk\ldpk_generic_anamorphic_distortion.h">
      <Filter>Header Files\lpdk</Filter>
    </ClInclude>
    <ClInclude Include="..\..\src\ldpk\ldpk_generic_distortion_base.h">
      <Filter>Header Files\lpdk</Filter>
    </ClInclude>
    <ClInclude Include="..\..\src\ldpk\ldpk_generic_radial_distortion.h">
      <Filter>Header Files\lpdk</Filter>
    </ClInclude>
    <ClInclude Include="..\..\src\ldpk\ldpk_ldp_builtin.h">
      <Filter>Header Files\lpdk</Filter>
    </ClInclude>
    <ClInclude Include="..\..\src\ldpk\ldpk_linear_extender.h">
      <Filter>Header Files\lpdk</Filter>
    </ClInclude>
    <ClInclude Include="..\..\src\ldpk\ldpk_lookup_table.h">
      <Filter>Header Files\lpdk</Filter>
    </ClInclude>
    <ClInclude Include="..\..\src\ldpk\ldpk_model_parser.h">
      <Filter>Header Files\lpdk</Filter>
    </ClInclude>
    <ClInclude Include="..\..\src\ldpk\ldpk_plugin_loader.h">
      <Filter>Header Files\lpdk</Filter>
    </ClInclude>
    <ClInclude Include="..\..\src\ldpk\ldpk_power_ct.h">
      <Filter>Header Files\lpdk</Filter>
    </ClInclude>
    <ClInclude Include="..\..\src\ldpk\ldpk_radial_decentered_distortion.h">
      <Filter>Header Files\lpdk</Filter>
    </ClInclude>
    <ClInclude Include="..\..\src\ldpk\ldpk_rotation_extender.h">
      <Filter>Header Files\lpdk</Filter>
    </ClInclude>
    <ClInclude Include="..\..\src\ldpk\ldpk_squeeze_extender.h">
      <Filter>Header Files\lpdk</Filter>
    </ClInclude>
    <ClInclude Include="..\..\src\ldpk\ldpk_table_generator.h">
      <Filter>Header Files\lpdk</Filter>
    </ClInclude>
    <ClInclude Include="..\..\src\ldpk\ldpk_vec2d.h">
      <Filter>Header Files\lpdk</Filter>
    </ClInclude>
    <ClInclude Include="..\..\src\ldpk\nuke_ld_3de4_base.h">
      <Filter>Header Files\lpdk</Filter>
    </ClInclude>
    <ClInclude Include="..\..\src\ldpk\tde4_ldp_all_par_types.h">
      <Filter>Header Files\lpdk</Filter>
    </ClInclude>
    <ClInclude Include="..\..\src\ldpk\tde4_ldp_anamorphic_deg_4_rotate_squeeze_xy.h">
      <Filter>Header Files\lpdk</Filter>
    </ClInclude>
    <ClInclude Include="..\..\src\ldpk\tde4_ldp_anamorphic_deg_6.h">
      <Filter>Header Files\lpdk</Filter>
    </ClInclude>
    <ClInclude Include="..\..\src\ldpk\tde4_ldp_classic_3de_mixed.h">
      <Filter>Header Files\lpdk</Filter>
    </ClInclude>
    <ClInclude Include="..\..\src\ldpk\tde4_ldp_radial_decentered_deg_4_cylindric.h">
      <Filter>Header Files\lpdk</Filter>
    </ClInclude>
    <ClInclude Include="..\..\src\ldpk\tde4_ldp_radial_deg_8.h">
      <Filter>Header Files\lpdk</Filter>
    </ClInclude>
    <ClInclude Include="..\..\src\ldpk\tde4_ld_all_builtins.h">
      <Filter>Header Files\lpdk</Filter>
    </ClInclude>
    <ClInclude Include="..\..\src\ldpk\tde4_ld_plugin.h">
      <Filter>Header Files\lpdk</Filter>
    </ClInclude>
    <ClInclude Include="..\..\src\Obq_LensDistortion.h">
      <Filter>Header Files\Obq</Filter>
    </ClInclude>
    <ClInclude Include="..\..\src\Obq_StereoLens.h">
      <Filter>Header Files\Obq</Filter>
    </ClInclude>
    <ClInclude Include="..\..\src\kettle\arnold_utils.h">
      <Filter>Header Files\kettle</Filter>
    </ClInclude>
    <ClInclude Include="..\..\src\kettle\Grid2DAS.h">
      <Filter>Header Files\kettle</Filter>
    </ClInclude>
    <ClInclude Include="..\..\src\kettle\KettleBaker.h">
      <Filter>Header Files\kettle</Filter>
    </ClInclude>
  </ItemGroup>
</Project>