
Microsoft Visual Studio Solution File, Format Version 11.00
# Visual C++ Express 2010
Project("{8BC9CEB8-8B4A-11D0-8D11-00A0C91BC942}") = "Obq_Shaders__Core", "Obq_Shaders__Core\Obq_Shaders__Core.vcxproj", "{D38EFABA-4782-4B68-B784-CF677DAEBA93}"
EndProject
Project("{8BC9CEB8-8B4A-11D0-8D11-00A0C91BC942}") = "Obq_Simbiont", "Obq_Simbiont\Obq_Simbiont.vcxproj", "{628F193D-141B-47F8-A816-8D51984B83C3}"
EndProject
Global
	GlobalSection(SolutionConfigurationPlatforms) = preSolution
		a4.2.0.x|Win32 = a4.2.0.x|Win32
		a4.2.0.x|x64 = a4.2.0.x|x64
		a4.2.13.x|Win32 = a4.2.13.x|Win32
		a4.2.13.x|x64 = a4.2.13.x|x64
		a4.2.15.x|Win32 = a4.2.15.x|Win32
		a4.2.15.x|x64 = a4.2.15.x|x64
		a4.2.16.x|Win32 = a4.2.16.x|Win32
		a4.2.16.x|x64 = a4.2.16.x|x64
		a4.2.9.x|Win32 = a4.2.9.x|Win32
		a4.2.9.x|x64 = a4.2.9.x|x64
		Debug|Win32 = Debug|Win32
		Debug|x64 = Debug|x64
		Release|Win32 = Release|Win32
		Release|x64 = Release|x64
	EndGlobalSection
	GlobalSection(ProjectConfigurationPlatforms) = postSolution
		{D38EFABA-4782-4B68-B784-CF677DAEBA93}.a4.2.0.x|Win32.ActiveCfg = a4.2.0.x|Win32
		{D38EFABA-4782-4B68-B784-CF677DAEBA93}.a4.2.0.x|Win32.Build.0 = a4.2.0.x|Win32
		{D38EFABA-4782-4B68-B784-CF677DAEBA93}.a4.2.0.x|x64.ActiveCfg = a4.2.0.x|x64
		{D38EFABA-4782-4B68-B784-CF677DAEBA93}.a4.2.0.x|x64.Build.0 = a4.2.0.x|x64
		{D38EFABA-4782-4B68-B784-CF677DAEBA93}.a4.2.13.x|Win32.ActiveCfg = a4.2.13.x|Win32
		{D38EFABA-4782-4B68-B784-CF677DAEBA93}.a4.2.13.x|Win32.Build.0 = a4.2.13.x|Win32
		{D38EFABA-4782-4B68-B784-CF677DAEBA93}.a4.2.13.x|x64.ActiveCfg = a4.2.13.x|x64
		{D38EFABA-4782-4B68-B784-CF677DAEBA93}.a4.2.13.x|x64.Build.0 = a4.2.13.x|x64
		{D38EFABA-4782-4B68-B784-CF677DAEBA93}.a4.2.15.x|Win32.ActiveCfg = a4.2.15.x|Win32
		{D38EFABA-4782-4B68-B784-CF677DAEBA93}.a4.2.15.x|Win32.Build.0 = a4.2.15.x|Win32
		{D38EFABA-4782-4B68-B784-CF677DAEBA93}.a4.2.15.x|x64.ActiveCfg = a4.2.15.x|x64
		{D38EFABA-4782-4B68-B784-CF677DAEBA93}.a4.2.15.x|x64.Build.0 = a4.2.15.x|x64
		{D38EFABA-4782-4B68-B784-CF677DAEBA93}.a4.2.16.x|Win32.ActiveCfg = a4.2.16.x|Win32
		{D38EFABA-4782-4B68-B784-CF677DAEBA93}.a4.2.16.x|Win32.Build.0 = a4.2.16.x|Win32
		{D38EFABA-4782-4B68-B784-CF677DAEBA93}.a4.2.16.x|x64.ActiveCfg = a4.2.16.x|x64
		{D38EFABA-4782-4B68-B784-CF677DAEBA93}.a4.2.16.x|x64.Build.0 = a4.2.16.x|x64
		{D38EFABA-4782-4B68-B784-CF677DAEBA93}.a4.2.9.x|Win32.ActiveCfg = a4.2.9.x|Win32
		{D38EFABA-4782-4B68-B784-CF677DAEBA93}.a4.2.9.x|Win32.Build.0 = a4.2.9.x|Win32
		{D38EFABA-4782-4B68-B784-CF677DAEBA93}.a4.2.9.x|x64.ActiveCfg = a4.2.9.x|x64
		{D38EFABA-4782-4B68-B784-CF677DAEBA93}.a4.2.9.x|x64.Build.0 = a4.2.9.x|x64
		{D38EFABA-4782-4B68-B784-CF677DAEBA93}.Debug|Win32.ActiveCfg = Release|Win32
		{D38EFABA-4782-4B68-B784-CF677DAEBA93}.Debug|Win32.Build.0 = Release|Win32
		{D38EFABA-4782-4B68-B784-CF677DAEBA93}.Debug|x64.ActiveCfg = Debug|x64
		{D38EFABA-4782-4B68-B784-CF677DAEBA93}.Debug|x64.Build.0 = Debug|x64
		{D38EFABA-4782-4B68-B784-CF677DAEBA93}.Release|Win32.ActiveCfg = Release|Win32
		{D38EFABA-4782-4B68-B784-CF677DAEBA93}.Release|Win32.Build.0 = Release|Win32
		{D38EFABA-4782-4B68-B784-CF677DAEBA93}.Release|x64.ActiveCfg = Release|x64
		{D38EFABA-4782-4B68-B784-CF677DAEBA93}.Release|x64.Build.0 = Release|x64
		{628F193D-141B-47F8-A816-8D51984B83C3}.a4.2.0.x|Win32.ActiveCfg = a4.2.0.x|Win32
		{628F193D-141B-47F8-A816-8D51984B83C3}.a4.2.0.x|Win32.Build.0 = a4.2.0.x|Win32
		{628F193D-141B-47F8-A816-8D51984B83C3}.a4.2.0.x|x64.ActiveCfg = a4.2.0.x|x64
		{628F193D-141B-47F8-A816-8D51984B83C3}.a4.2.0.x|x64.Build.0 = a4.2.0.x|x64
		{628F193D-141B-47F8-A816-8D51984B83C3}.a4.2.13.x|Win32.ActiveCfg = a4.2.13.x|Win32
		{628F193D-141B-47F8-A816-8D51984B83C3}.a4.2.13.x|Win32.Build.0 = a4.2.13.x|Win32
		{628F193D-141B-47F8-A816-8D51984B83C3}.a4.2.13.x|x64.ActiveCfg = a4.2.13.x|x64
		{628F193D-141B-47F8-A816-8D51984B83C3}.a4.2.13.x|x64.Build.0 = a4.2.13.x|x64
		{628F193D-141B-47F8-A816-8D51984B83C3}.a4.2.15.x|Win32.ActiveCfg = a4.2.15.x|Win32
		{628F193D-141B-47F8-A816-8D51984B83C3}.a4.2.15.x|Win32.Build.0 = a4.2.15.x|Win32
		{628F193D-141B-47F8-A816-8D51984B83C3}.a4.2.15.x|x64.ActiveCfg = a4.2.15.x|x64
		{628F193D-141B-47F8-A816-8D51984B83C3}.a4.2.15.x|x64.Build.0 = a4.2.15.x|x64
		{628F193D-141B-47F8-A816-8D51984B83C3}.a4.2.16.x|Win32.ActiveCfg = a4.2.16.x|Win32
		{628F193D-141B-47F8-A816-8D51984B83C3}.a4.2.16.x|Win32.Build.0 = a4.2.16.x|Win32
		{628F193D-141B-47F8-A816-8D51984B83C3}.a4.2.16.x|x64.ActiveCfg = a4.2.16.x|x64
		{628F193D-141B-47F8-A816-8D51984B83C3}.a4.2.16.x|x64.Build.0 = a4.2.16.x|x64
		{628F193D-141B-47F8-A816-8D51984B83C3}.a4.2.9.x|Win32.ActiveCfg = a4.2.9.x|Win32
		{628F193D-141B-47F8-A816-8D51984B83C3}.a4.2.9.x|Win32.Build.0 = a4.2.9.x|Win32
		{628F193D-141B-47F8-A816-8D51984B83C3}.a4.2.9.x|x64.ActiveCfg = a4.2.9.x|x64
		{628F193D-141B-47F8-A816-8D51984B83C3}.a4.2.9.x|x64.Build.0 = a4.2.9.x|x64
		{628F193D-141B-47F8-A816-8D51984B83C3}.Debug|Win32.ActiveCfg = Release|Win32
		{628F193D-141B-47F8-A816-8D51984B83C3}.Debug|Win32.Build.0 = Release|Win32
		{628F193D-141B-47F8-A816-8D51984B83C3}.Debug|x64.ActiveCfg = Debug|x64
		{628F193D-141B-47F8-A816-8D51984B83C3}.Debug|x64.Build.0 = Debug|x64
		{628F193D-141B-47F8-A816-8D51984B83C3}.Release|Win32.ActiveCfg = Release|Win32
		{628F193D-141B-47F8-A816-8D51984B83C3}.Release|Win32.Build.0 = Release|Win32
		{628F193D-141B-47F8-A816-8D51984B83C3}.Release|x64.ActiveCfg = Release|x64
		{628F193D-141B-47F8-A816-8D51984B83C3}.Release|x64.Build.0 = Release|x64
	EndGlobalSection
	GlobalSection(SolutionProperties) = preSolution
		HideSolutionNode = FALSE
	EndGlobalSection
EndGlobal
