
Microsoft Visual Studio Solution File, Format Version 11.00
# Visual C++ Express 2010
Project("{8BC9CEB8-8B4A-11D0-8D11-00A0C91BC942}") = "Obq_Shaders", "Obq_Shaders.vcxproj", "{4B73FB10-8426-4F62-978D-9F7E9D2914BF}"
EndProject
Global
	GlobalSection(SolutionConfigurationPlatforms) = preSolution
		Debug|Win32 = Debug|Win32
		Debug|x64 = Debug|x64
		Release|Win32 = Release|Win32
		Release|x64 = Release|x64
	EndGlobalSection
	GlobalSection(ProjectConfigurationPlatforms) = postSolution
		{4B73FB10-8426-4F62-978D-9F7E9D2914BF}.Debug|Win32.ActiveCfg = Debug|Win32
		{4B73FB10-8426-4F62-978D-9F7E9D2914BF}.Debug|Win32.Build.0 = Debug|Win32
		{4B73FB10-8426-4F62-978D-9F7E9D2914BF}.Debug|x64.ActiveCfg = Debug|x64
		{4B73FB10-8426-4F62-978D-9F7E9D2914BF}.Debug|x64.Build.0 = Debug|x64
		{4B73FB10-8426-4F62-978D-9F7E9D2914BF}.Release|Win32.ActiveCfg = Release|Win32
		{4B73FB10-8426-4F62-978D-9F7E9D2914BF}.Release|Win32.Build.0 = Release|Win32
		{4B73FB10-8426-4F62-978D-9F7E9D2914BF}.Release|x64.ActiveCfg = Release|x64
		{4B73FB10-8426-4F62-978D-9F7E9D2914BF}.Release|x64.Build.0 = Release|x64
	EndGlobalSection
	GlobalSection(SolutionProperties) = preSolution
		HideSolutionNode = FALSE
	EndGlobalSection
EndGlobal
