<?xml version="1.0" encoding="utf-8"?>
<Project ToolsVersion="4.0" xmlns="http://schemas.microsoft.com/developer/msbuild/2003">
  <ItemGroup>
    <Filter Include="Source Files">
      <UniqueIdentifier>{4FC737F1-C7A5-4376-A066-2A32D752A2FF}</UniqueIdentifier>
      <Extensions>cpp;c;cc;cxx;def;odl;idl;hpj;bat;asm;asmx</Extensions>
    </Filter>
    <Filter Include="Header Files">
      <UniqueIdentifier>{93995380-89BD-4b04-88EB-625FBE52EBFB}</UniqueIdentifier>
      <Extensions>h;hpp;hxx;hm;inl;inc;xsd</Extensions>
    </Filter>
    <Filter Include="Resource Files">
      <UniqueIdentifier>{67DA6AB6-F800-4c08-8B7A-83BB121AAD01}</UniqueIdentifier>
      <Extensions>rc;ico;cur;bmp;dlg;rc2;rct;bin;rgs;gif;jpg;jpeg;jpe;resx;tiff;tif;png;wav;mfcribbon-ms</Extensions>
    </Filter>
    <Filter Include="Source Files\Obq">
      <UniqueIdentifier>{a04706bb-3353-437a-b4ff-7eecfa321872}</UniqueIdentifier>
    </Filter>
    <Filter Include="Source Files\pbrt">
      <UniqueIdentifier>{8573d355-79c5-4438-9108-d5442078a7d9}</UniqueIdentifier>
    </Filter>
    <Filter Include="Header Files\pbrt">
      <UniqueIdentifier>{e2d20d8c-66bb-4502-8e00-e940de837b4a}</UniqueIdentifier>
    </Filter>
    <Filter Include="Header Files\Obq">
      <UniqueIdentifier>{7a0911e7-fef0-43c3-a2be-0115121d565c}</UniqueIdentifier>
    </Filter>
    <Filter Include="Header Files\dte">
      <UniqueIdentifier>{af3dcf1e-6057-462b-93f9-1dbea1474832}</UniqueIdentifier>
    </Filter>
    <Filter Include="Header Files\lpdk">
      <UniqueIdentifier>{95c767f4-3edb-4ea0-9db1-84b4f4229252}</UniqueIdentifier>
    </Filter>
  </ItemGroup>
  <ItemGroup>
    <ClCompile Include="..\src\Obq_AngularCamera.cpp">
      <Filter>Source Files\Obq</Filter>
    </ClCompile>
    <ClCompile Include="..\src\Obq_Atmosphere.cpp">
      <Filter>Source Files\Obq</Filter>
    </ClCompile>
    <ClCompile Include="..\src\Obq_Bend4Stereo.cpp">
      <Filter>Source Files\Obq</Filter>
    </ClCompile>
    <ClCompile Include="..\src\Obq_ChangeRange.cpp">
      <Filter>Source Files\Obq</Filter>
    </ClCompile>
    <ClCompile Include="..\src\Obq_Environment.cpp">
      <Filter>Source Files\Obq</Filter>
    </ClCompile>
    <ClCompile Include="..\src\Obq_Fresnel.cpp">
      <Filter>Source Files\Obq</Filter>
    </ClCompile>
    <ClCompile Include="..\src\Obq_IESLightFilter.cpp">
      <Filter>Source Files\Obq</Filter>
    </ClCompile>
    <ClCompile Include="..\src\Obq_Opacity.cpp">
      <Filter>Source Files\Obq</Filter>
    </ClCompile>
    <ClCompile Include="..\src\Obq_RandomColor.cpp">
      <Filter>Source Files\Obq</Filter>
    </ClCompile>
    <ClCompile Include="..\src\Obq_RGBComEmit.cpp">
      <Filter>Source Files\Obq</Filter>
    </ClCompile>
    <ClCompile Include="..\src\Obq_RGBComLightFilter.cpp">
      <Filter>Source Files\Obq</Filter>
    </ClCompile>
    <ClCompile Include="..\src\Obq_StereoLens.cpp">
      <Filter>Source Files\Obq</Filter>
    </ClCompile>
    <ClCompile Include="..\src\Obq_SurfaceEnvironment.cpp">
      <Filter>Source Files\Obq</Filter>
    </ClCompile>
    <ClCompile Include="..\src\Obq_Thickness.cpp">
      <Filter>Source Files\Obq</Filter>
    </ClCompile>
    <ClCompile Include="..\src\Obq_TransformUV.cpp">
      <Filter>Source Files\Obq</Filter>
    </ClCompile>
    <ClCompile Include="..\src\Obq_UVRemapLensDistortion.cpp">
      <Filter>Source Files\Obq</Filter>
    </ClCompile>
    <ClCompile Include="..\src\Obq_VolumeThickness.cpp">
      <Filter>Source Files\Obq</Filter>
    </ClCompile>
    <ClCompile Include="..\src\pbrt\spectrum.cpp">
      <Filter>Source Files\pbrt</Filter>
    </ClCompile>
    <ClCompile Include="..\src\Obq_Shaders.cpp">
      <Filter>Source Files</Filter>
    </ClCompile>
    <ClCompile Include="..\src\Obq_Simbiont.cpp">
      <Filter>Source Files\Obq</Filter>
    </ClCompile>
  </ItemGroup>
  <ItemGroup>
    <ClInclude Include="..\src\pbrt\spectrum.h">
      <Filter>Header Files\pbrt</Filter>
    </ClInclude>
    <ClInclude Include="..\src\Obq_Atmosphere.h">
      <Filter>Header Files\Obq</Filter>
    </ClInclude>
    <ClInclude Include="..\src\Obq_Environment.h">
      <Filter>Header Files\Obq</Filter>
    </ClInclude>
    <ClInclude Include="..\src\Obq_Fresnel.h">
      <Filter>Header Files\Obq</Filter>
    </ClInclude>
    <ClInclude Include="..\src\Obq_StereoLens.h">
      <Filter>Header Files\Obq</Filter>
    </ClInclude>
    <ClInclude Include="..\src\Obq_SurfaceEnvironment.h">
      <Filter>Header Files\Obq</Filter>
    </ClInclude>
    <ClInclude Include="..\src\Obq_Thickness.h">
      <Filter>Header Files\Obq</Filter>
    </ClInclude>
    <ClInclude Include="..\src\Obq_VolumeThickness.h">
      <Filter>Header Files\Obq</Filter>
    </ClInclude>
    <ClInclude Include="..\src\dte\dtengine.h">
      <Filter>Header Files\dte</Filter>
    </ClInclude>
    <ClInclude Include="..\src\dte\misc.h">
      <Filter>Header Files\dte</Filter>
    </ClInclude>
    <ClInclude Include="..\src\dte\tform.h">
      <Filter>Header Files\dte</Filter>
    </ClInclude>
    <ClInclude Include="..\src\dte\vmat.h">
      <Filter>Header Files\dte</Filter>
    </ClInclude>
    <ClInclude Include="..\src\ldpk\ldpk.h">
      <Filter>Header Files\lpdk</Filter>
    </ClInclude>
    <ClInclude Include="..\src\ldpk\ldpk_classic_3de_mixed_distortion.h">
      <Filter>Header Files\lpdk</Filter>
    </ClInclude>
    <ClInclude Include="..\src\ldpk\ldpk_error.h">
      <Filter>Header Files\lpdk</Filter>
    </ClInclude>
    <ClInclude Include="..\src\ldpk\ldpk_example_radial_distortion.h">
      <Filter>Header Files\lpdk</Filter>
    </ClInclude>
    <ClInclude Include="..\src\ldpk\ldpk_generic_anamorphic_distortion.h">
      <Filter>Header Files\lpdk</Filter>
    </ClInclude>
    <ClInclude Include="..\src\ldpk\ldpk_generic_distortion_base.h">
      <Filter>Header Files\lpdk</Filter>
    </ClInclude>
    <ClInclude Include="..\src\ldpk\ldpk_generic_radial_distortion.h">
      <Filter>Header Files\lpdk</Filter>
    </ClInclude>
    <ClInclude Include="..\src\ldpk\ldpk_ldp_builtin.h">
      <Filter>Header Files\lpdk</Filter>
    </ClInclude>
    <ClInclude Include="..\src\ldpk\ldpk_lookup_table.h">
      <Filter>Header Files\lpdk</Filter>
    </ClInclude>
    <ClInclude Include="..\src\ldpk\ldpk_model_parser.h">
      <Filter>Header Files\lpdk</Filter>
    </ClInclude>
    <ClInclude Include="..\src\ldpk\ldpk_plugin_loader.h">
      <Filter>Header Files\lpdk</Filter>
    </ClInclude>
    <ClInclude Include="..\src\ldpk\ldpk_power_ct.h">
      <Filter>Header Files\lpdk</Filter>
    </ClInclude>
    <ClInclude Include="..\src\ldpk\ldpk_radial_decentered_distortion.h">
      <Filter>Header Files\lpdk</Filter>
    </ClInclude>
    <ClInclude Include="..\src\ldpk\ldpk_table_generator.h">
      <Filter>Header Files\lpdk</Filter>
    </ClInclude>
    <ClInclude Include="..\src\ldpk\ldpk_vec2d.h">
      <Filter>Header Files\lpdk</Filter>
    </ClInclude>
    <ClInclude Include="..\src\ldpk\tde4_ld_plugin.h">
      <Filter>Header Files\lpdk</Filter>
    </ClInclude>
    <ClInclude Include="..\src\ldpk\tde4_ldp_anamorphic_deg_6.h">
      <Filter>Header Files\lpdk</Filter>
    </ClInclude>
    <ClInclude Include="..\src\ldpk\tde4_ldp_classic_3de_mixed.h">
      <Filter>Header Files\lpdk</Filter>
    </ClInclude>
    <ClInclude Include="..\src\ldpk\tde4_ldp_common_sdv.h">
      <Filter>Header Files\lpdk</Filter>
    </ClInclude>
    <ClInclude Include="..\src\ldpk\tde4_ldp_example_radial_deg_8.h">
      <Filter>Header Files\lpdk</Filter>
    </ClInclude>
    <ClInclude Include="..\src\ldpk\tde4_ldp_radial_decentered_deg_4.h">
      <Filter>Header Files\lpdk</Filter>
    </ClInclude>
    <ClInclude Include="..\src\ldpk\tde4_ldp_radial_deg_8.h">
      <Filter>Header Files\lpdk</Filter>
    </ClInclude>
  </ItemGroup>
</Project>